
Microsoft Visual Studio Solution File, Format Version 12.00
# Visual Studio 2013
VisualStudioVersion = 12.0.31101.0
MinimumVisualStudioVersion = 10.0.40219.1
Project("{FAE04EC0-301F-11D3-BF4B-00C04F79EFBC}") = "NotThreadSafe", "NotThreadSafe\NotThreadSafe.csproj", "{2AF8ECD3-2C3C-464A-BEB7-D577C1689113}"
EndProject
Project("{FAE04EC0-301F-11D3-BF4B-00C04F79EFBC}") = "ThreadSafe", "ThreadSafe\ThreadSafe.csproj", "{FE33BF2D-9402-43B3-B945-CF5EB173F378}"
EndProject
Project("{FAE04EC0-301F-11D3-BF4B-00C04F79EFBC}") = "SimpleThreadSafe", "SimpleThreadSafe\SimpleThreadSafe.csproj", "{CDEDBCCD-7B81-447A-A72F-0CFC4FB33C64}"
EndProject
Global
	GlobalSection(SolutionConfigurationPlatforms) = preSolution
		Debug|Any CPU = Debug|Any CPU
		Release|Any CPU = Release|Any CPU
	EndGlobalSection
	GlobalSection(ProjectConfigurationPlatforms) = postSolution
		{2AF8ECD3-2C3C-464A-BEB7-D577C1689113}.Debug|Any CPU.ActiveCfg = Debug|Any CPU
		{2AF8ECD3-2C3C-464A-BEB7-D577C1689113}.Debug|Any CPU.Build.0 = Debug|Any CPU
		{2AF8ECD3-2C3C-464A-BEB7-D577C1689113}.Release|Any CPU.ActiveCfg = Release|Any CPU
		{2AF8ECD3-2C3C-464A-BEB7-D577C1689113}.Release|Any CPU.Build.0 = Release|Any CPU
		{FE33BF2D-9402-43B3-B945-CF5EB173F378}.Debug|Any CPU.ActiveCfg = Debug|Any CPU
		{FE33BF2D-9402-43B3-B945-CF5EB173F378}.Debug|Any CPU.Build.0 = Debug|Any CPU
		{FE33BF2D-9402-43B3-B945-CF5EB173F378}.Release|Any CPU.ActiveCfg = Release|Any CPU
		{FE33BF2D-9402-43B3-B945-CF5EB173F378}.Release|Any CPU.Build.0 = Release|Any CPU
		{CDEDBCCD-7B81-447A-A72F-0CFC4FB33C64}.Debug|Any CPU.ActiveCfg = Debug|Any CPU
		{CDEDBCCD-7B81-447A-A72F-0CFC4FB33C64}.Debug|Any CPU.Build.0 = Debug|Any CPU
		{CDEDBCCD-7B81-447A-A72F-0CFC4FB33C64}.Release|Any CPU.ActiveCfg = Release|Any CPU
		{CDEDBCCD-7B81-447A-A72F-0CFC4FB33C64}.Release|Any CPU.Build.0 = Release|Any CPU
	EndGlobalSection
	GlobalSection(SolutionProperties) = preSolution
		HideSolutionNode = FALSE
	EndGlobalSection
EndGlobal
